# THIS IS AN AUTOGENERATED FILE. DO NOT EDIT THIS FILE DIRECTLY.
# yarn lockfile v1


react-hook-form@^7.52.1:
  version "7.52.1"
  resolved "https://registry.yarnpkg.com/react-hook-form/-/react-hook-form-7.52.1.tgz#ec2c96437b977f8b89ae2d541a70736c66284852"
  integrity sha512-uNKIhaoICJ5KQALYZ4TOaOLElyM+xipord+Ha3crEFhTntdLvWZqVY49Wqd/0GiVCA/f9NjemLeiNPjG7Hpurg==
